// !$*UTF8*$!
{
	archiveVersion = 1;
	classes = {
	};
	objectVersion = 46;
	objects = {

/* Begin PBXBuildFile section */
		42149F061DC8997E0079D162 /* Main.storyboard in Resources */ = {isa = PBXBuildFile; fileRef = 42149F041DC8997E0079D162 /* Main.storyboard */; };
		42149F081DC8997E0079D162 /* Assets.xcassets in Resources */ = {isa = PBXBuildFile; fileRef = 42149F071DC8997E0079D162 /* Assets.xcassets */; };
		42149F0B1DC8997E0079D162 /* LaunchScreen.storyboard in Resources */ = {isa = PBXBuildFile; fileRef = 42149F091DC8997E0079D162 /* LaunchScreen.storyboard */; };
		42149F2C1DC89C6D0079D162 /* AppDelegate.swift in Sources */ = {isa = PBXBuildFile; fileRef = 42149F281DC89C6D0079D162 /* AppDelegate.swift */; };
		42149F2E1DC89C8C0079D162 /* Constants.swift in Sources */ = {isa = PBXBuildFile; fileRef = 42149F2D1DC89C8C0079D162 /* Constants.swift */; };
		42149F301DC89CE20079D162 /* AuthorizationViewController.swift in Sources */ = {isa = PBXBuildFile; fileRef = 42149F2F1DC89CE20079D162 /* AuthorizationViewController.swift */; };
		42149F321DC89E7B0079D162 /* HomeViewController.swift in Sources */ = {isa = PBXBuildFile; fileRef = 42149F311DC89E7B0079D162 /* HomeViewController.swift */; };
		42149F371DC8A28C0079D162 /* UIStoryboard+Multiple.swift in Sources */ = {isa = PBXBuildFile; fileRef = 42149F361DC8A28C0079D162 /* UIStoryboard+Multiple.swift */; };
		4224DCE51DD9A69200F3AC8F /* AudioCell.swift in Sources */ = {isa = PBXBuildFile; fileRef = 4224DCE31DD9A69200F3AC8F /* AudioCell.swift */; };
		4224DCE61DD9A69200F3AC8F /* AudioCell.xib in Resources */ = {isa = PBXBuildFile; fileRef = 4224DCE41DD9A69200F3AC8F /* AudioCell.xib */; };
		4252FBD81DD0A82300F28C0D /* UIColor+VKAudio.swift in Sources */ = {isa = PBXBuildFile; fileRef = 4252FBD71DD0A82300F28C0D /* UIColor+VKAudio.swift */; };
		4252FBDA1DD0B5F800F28C0D /* WebService.swift in Sources */ = {isa = PBXBuildFile; fileRef = 4252FBD91DD0B5F800F28C0D /* WebService.swift */; };
		4252FBDC1DD0BE9400F28C0D /* ResponseInfo.swift in Sources */ = {isa = PBXBuildFile; fileRef = 4252FBDB1DD0BE9400F28C0D /* ResponseInfo.swift */; };
		4252FBDE1DD0DE4A00F28C0D /* VKUser.swift in Sources */ = {isa = PBXBuildFile; fileRef = 4252FBDD1DD0DE4A00F28C0D /* VKUser.swift */; };
		4252FBE01DD1C4A300F28C0D /* Utils.swift in Sources */ = {isa = PBXBuildFile; fileRef = 4252FBDF1DD1C4A300F28C0D /* Utils.swift */; };
		427755351DD5E910002F9E25 /* VKAudio.swift in Sources */ = {isa = PBXBuildFile; fileRef = 427755341DD5E910002F9E25 /* VKAudio.swift */; };
		427755371DD7B7F6002F9E25 /* AudioListTableViewController.swift in Sources */ = {isa = PBXBuildFile; fileRef = 427755361DD7B7F6002F9E25 /* AudioListTableViewController.swift */; };
		427FF76B1DD9EE1600567067 /* AudioFileManager.swift in Sources */ = {isa = PBXBuildFile; fileRef = 427FF76A1DD9EE1600567067 /* AudioFileManager.swift */; };
		427FF76F1DDA17FD00567067 /* DownloadManager.swift in Sources */ = {isa = PBXBuildFile; fileRef = 427FF76E1DDA17FD00567067 /* DownloadManager.swift */; };
		42F36D1D1DD079960029EB5B /* AuthorizationManager.swift in Sources */ = {isa = PBXBuildFile; fileRef = 42F36D1C1DD079960029EB5B /* AuthorizationManager.swift */; };
		48521E4F84EBE1C951BD47FB /* Pods_VKAudioSwift3.framework in Frameworks */ = {isa = PBXBuildFile; fileRef = F8860BCC2E970B4F5457E319 /* Pods_VKAudioSwift3.framework */; };
/* End PBXBuildFile section */

/* Begin PBXFileReference section */
		2DA9D37A77ECE05A630E23E9 /* Pods-VKAudioSwift3.release.xcconfig */ = {isa = PBXFileReference; includeInIndex = 1; lastKnownFileType = text.xcconfig; name = "Pods-VKAudioSwift3.release.xcconfig"; path = "Pods/Target Support Files/Pods-VKAudioSwift3/Pods-VKAudioSwift3.release.xcconfig"; sourceTree = "<group>"; };
		42149EFD1DC8997E0079D162 /* VKAudioSwift3.app */ = {isa = PBXFileReference; explicitFileType = wrapper.application; includeInIndex = 0; path = VKAudioSwift3.app; sourceTree = BUILT_PRODUCTS_DIR; };
		42149F051DC8997E0079D162 /* Base */ = {isa = PBXFileReference; lastKnownFileType = file.storyboard; name = Base; path = Base.lproj/Main.storyboard; sourceTree = "<group>"; };
		42149F071DC8997E0079D162 /* Assets.xcassets */ = {isa = PBXFileReference; lastKnownFileType = folder.assetcatalog; path = Assets.xcassets; sourceTree = "<group>"; };
		42149F0A1DC8997E0079D162 /* Base */ = {isa = PBXFileReference; lastKnownFileType = file.storyboard; name = Base; path = Base.lproj/LaunchScreen.storyboard; sourceTree = "<group>"; };
		42149F0C1DC8997E0079D162 /* Info.plist */ = {isa = PBXFileReference; lastKnownFileType = text.plist.xml; path = Info.plist; sourceTree = "<group>"; };
		42149F281DC89C6D0079D162 /* AppDelegate.swift */ = {isa = PBXFileReference; fileEncoding = 4; lastKnownFileType = sourcecode.swift; path = AppDelegate.swift; sourceTree = "<group>"; };
		42149F2D1DC89C8C0079D162 /* Constants.swift */ = {isa = PBXFileReference; fileEncoding = 4; lastKnownFileType = sourcecode.swift; path = Constants.swift; sourceTree = "<group>"; };
		42149F2F1DC89CE20079D162 /* AuthorizationViewController.swift */ = {isa = PBXFileReference; fileEncoding = 4; lastKnownFileType = sourcecode.swift; path = AuthorizationViewController.swift; sourceTree = "<group>"; };
		42149F311DC89E7B0079D162 /* HomeViewController.swift */ = {isa = PBXFileReference; fileEncoding = 4; lastKnownFileType = sourcecode.swift; path = HomeViewController.swift; sourceTree = "<group>"; };
		42149F361DC8A28C0079D162 /* UIStoryboard+Multiple.swift */ = {isa = PBXFileReference; fileEncoding = 4; lastKnownFileType = sourcecode.swift; path = "UIStoryboard+Multiple.swift"; sourceTree = "<group>"; };
		4224DCE31DD9A69200F3AC8F /* AudioCell.swift */ = {isa = PBXFileReference; fileEncoding = 4; lastKnownFileType = sourcecode.swift; path = AudioCell.swift; sourceTree = "<group>"; };
		4224DCE41DD9A69200F3AC8F /* AudioCell.xib */ = {isa = PBXFileReference; fileEncoding = 4; lastKnownFileType = file.xib; path = AudioCell.xib; sourceTree = "<group>"; };
		4252FBD71DD0A82300F28C0D /* UIColor+VKAudio.swift */ = {isa = PBXFileReference; fileEncoding = 4; lastKnownFileType = sourcecode.swift; path = "UIColor+VKAudio.swift"; sourceTree = "<group>"; };
		4252FBD91DD0B5F800F28C0D /* WebService.swift */ = {isa = PBXFileReference; fileEncoding = 4; lastKnownFileType = sourcecode.swift; path = WebService.swift; sourceTree = "<group>"; };
		4252FBDB1DD0BE9400F28C0D /* ResponseInfo.swift */ = {isa = PBXFileReference; fileEncoding = 4; lastKnownFileType = sourcecode.swift; path = ResponseInfo.swift; sourceTree = "<group>"; };
		4252FBDD1DD0DE4A00F28C0D /* VKUser.swift */ = {isa = PBXFileReference; fileEncoding = 4; lastKnownFileType = sourcecode.swift; path = VKUser.swift; sourceTree = "<group>"; };
		4252FBDF1DD1C4A300F28C0D /* Utils.swift */ = {isa = PBXFileReference; fileEncoding = 4; lastKnownFileType = sourcecode.swift; name = Utils.swift; path = Helpers/Utils.swift; sourceTree = "<group>"; };
		427755341DD5E910002F9E25 /* VKAudio.swift */ = {isa = PBXFileReference; fileEncoding = 4; lastKnownFileType = sourcecode.swift; path = VKAudio.swift; sourceTree = "<group>"; };
		427755361DD7B7F6002F9E25 /* AudioListTableViewController.swift */ = {isa = PBXFileReference; fileEncoding = 4; lastKnownFileType = sourcecode.swift; path = AudioListTableViewController.swift; sourceTree = "<group>"; };
		427FF76A1DD9EE1600567067 /* AudioFileManager.swift */ = {isa = PBXFileReference; fileEncoding = 4; lastKnownFileType = sourcecode.swift; path = AudioFileManager.swift; sourceTree = "<group>"; };
		427FF76E1DDA17FD00567067 /* DownloadManager.swift */ = {isa = PBXFileReference; fileEncoding = 4; lastKnownFileType = sourcecode.swift; path = DownloadManager.swift; sourceTree = "<group>"; };
		42F36D1C1DD079960029EB5B /* AuthorizationManager.swift */ = {isa = PBXFileReference; fileEncoding = 4; lastKnownFileType = sourcecode.swift; path = AuthorizationManager.swift; sourceTree = "<group>"; };
		DB8BA57CD1EC1589ECF39D5A /* Pods-VKAudioSwift3.debug.xcconfig */ = {isa = PBXFileReference; includeInIndex = 1; lastKnownFileType = text.xcconfig; name = "Pods-VKAudioSwift3.debug.xcconfig"; path = "Pods/Target Support Files/Pods-VKAudioSwift3/Pods-VKAudioSwift3.debug.xcconfig"; sourceTree = "<group>"; };
		F8860BCC2E970B4F5457E319 /* Pods_VKAudioSwift3.framework */ = {isa = PBXFileReference; explicitFileType = wrapper.framework; includeInIndex = 0; path = Pods_VKAudioSwift3.framework; sourceTree = BUILT_PRODUCTS_DIR; };
/* End PBXFileReference section */

/* Begin PBXFrameworksBuildPhase section */
		42149EFA1DC8997E0079D162 /* Frameworks */ = {
			isa = PBXFrameworksBuildPhase;
			buildActionMask = 2147483647;
			files = (
				48521E4F84EBE1C951BD47FB /* Pods_VKAudioSwift3.framework in Frameworks */,
			);
			runOnlyForDeploymentPostprocessing = 0;
		};
/* End PBXFrameworksBuildPhase section */

/* Begin PBXGroup section */
		1715BE4B6CFD05BD87D223D3 /* Pods */ = {
			isa = PBXGroup;
			children = (
				DB8BA57CD1EC1589ECF39D5A /* Pods-VKAudioSwift3.debug.xcconfig */,
				2DA9D37A77ECE05A630E23E9 /* Pods-VKAudioSwift3.release.xcconfig */,
			);
			name = Pods;
			sourceTree = "<group>";
		};
		42149EF41DC8997E0079D162 = {
			isa = PBXGroup;
			children = (
				42149EFF1DC8997E0079D162 /* VKAudioSwift3 */,
				42149EFE1DC8997E0079D162 /* Products */,
				1715BE4B6CFD05BD87D223D3 /* Pods */,
				60BB0646E8CAD90CDB003F71 /* Frameworks */,
			);
			sourceTree = "<group>";
		};
		42149EFE1DC8997E0079D162 /* Products */ = {
			isa = PBXGroup;
			children = (
				42149EFD1DC8997E0079D162 /* VKAudioSwift3.app */,
			);
			name = Products;
			sourceTree = "<group>";
		};
		42149EFF1DC8997E0079D162 /* VKAudioSwift3 */ = {
			isa = PBXGroup;
			children = (
				42149F271DC89C6D0079D162 /* Classes */,
				42149F121DC89BD60079D162 /* Resouces */,
			);
			path = VKAudioSwift3;
			sourceTree = "<group>";
		};
		42149F121DC89BD60079D162 /* Resouces */ = {
			isa = PBXGroup;
			children = (
				42149F131DC89BE10079D162 /* Storyboards */,
				42149F071DC8997E0079D162 /* Assets.xcassets */,
				42149F0C1DC8997E0079D162 /* Info.plist */,
			);
			name = Resouces;
			sourceTree = "<group>";
		};
		42149F131DC89BE10079D162 /* Storyboards */ = {
			isa = PBXGroup;
			children = (
				42149F041DC8997E0079D162 /* Main.storyboard */,
				42149F091DC8997E0079D162 /* LaunchScreen.storyboard */,
			);
			name = Storyboards;
			sourceTree = "<group>";
		};
		42149F271DC89C6D0079D162 /* Classes */ = {
			isa = PBXGroup;
			children = (
				42149F281DC89C6D0079D162 /* AppDelegate.swift */,
				42149F2D1DC89C8C0079D162 /* Constants.swift */,
				4252FBE11DD1C4CF00F28C0D /* Helpers */,
				42149F351DC8A2720079D162 /* Extension */,
				42149F2A1DC89C6D0079D162 /* Models */,
				42149F2B1DC89C6D0079D162 /* Views */,
				42149F291DC89C6D0079D162 /* Controllers */,
			);
			path = Classes;
			sourceTree = "<group>";
		};
		42149F291DC89C6D0079D162 /* Controllers */ = {
			isa = PBXGroup;
			children = (
				42149F2F1DC89CE20079D162 /* AuthorizationViewController.swift */,
				42149F311DC89E7B0079D162 /* HomeViewController.swift */,
				427755361DD7B7F6002F9E25 /* AudioListTableViewController.swift */,
			);
			path = Controllers;
			sourceTree = "<group>";
		};
		42149F2A1DC89C6D0079D162 /* Models */ = {
			isa = PBXGroup;
			children = (
				4252FBDB1DD0BE9400F28C0D /* ResponseInfo.swift */,
				4252FBE21DD1C4EC00F28C0D /* VKModels */,
				42F36D1B1DD079590029EB5B /* Managers */,
			);
			path = Models;
			sourceTree = "<group>";
		};
		42149F2B1DC89C6D0079D162 /* Views */ = {
			isa = PBXGroup;
			children = (
				4224DCE21DD9A66800F3AC8F /* TableViewCells */,
			);
			path = Views;
			sourceTree = "<group>";
		};
		42149F351DC8A2720079D162 /* Extension */ = {
			isa = PBXGroup;
			children = (
				4252FBD71DD0A82300F28C0D /* UIColor+VKAudio.swift */,
				42149F361DC8A28C0079D162 /* UIStoryboard+Multiple.swift */,
			);
			path = Extension;
			sourceTree = "<group>";
		};
		4224DCE21DD9A66800F3AC8F /* TableViewCells */ = {
			isa = PBXGroup;
			children = (
				4224DCE31DD9A69200F3AC8F /* AudioCell.swift */,
				4224DCE41DD9A69200F3AC8F /* AudioCell.xib */,
			);
			name = TableViewCells;
			sourceTree = "<group>";
		};
		4252FBE11DD1C4CF00F28C0D /* Helpers */ = {
			isa = PBXGroup;
			children = (
				4252FBDF1DD1C4A300F28C0D /* Utils.swift */,
			);
			name = Helpers;
			sourceTree = "<group>";
		};
		4252FBE21DD1C4EC00F28C0D /* VKModels */ = {
			isa = PBXGroup;
			children = (
				4252FBDD1DD0DE4A00F28C0D /* VKUser.swift */,
				427755341DD5E910002F9E25 /* VKAudio.swift */,
			);
			name = VKModels;
			sourceTree = "<group>";
		};
		42F36D1B1DD079590029EB5B /* Managers */ = {
			isa = PBXGroup;
			children = (
				42F36D1C1DD079960029EB5B /* AuthorizationManager.swift */,
				4252FBD91DD0B5F800F28C0D /* WebService.swift */,
				427FF76A1DD9EE1600567067 /* AudioFileManager.swift */,
				427FF76E1DDA17FD00567067 /* DownloadManager.swift */,
			);
			name = Managers;
			sourceTree = "<group>";
		};
		60BB0646E8CAD90CDB003F71 /* Frameworks */ = {
			isa = PBXGroup;
			children = (
				F8860BCC2E970B4F5457E319 /* Pods_VKAudioSwift3.framework */,
			);
			name = Frameworks;
			sourceTree = "<group>";
		};
/* End PBXGroup section */

/* Begin PBXNativeTarget section */
		42149EFC1DC8997E0079D162 /* VKAudioSwift3 */ = {
			isa = PBXNativeTarget;
			buildConfigurationList = 42149F0F1DC8997E0079D162 /* Build configuration list for PBXNativeTarget "VKAudioSwift3" */;
			buildPhases = (
				14A9D05C72155D71A8C3623E /* [CP] Check Pods Manifest.lock */,
				42149EF91DC8997E0079D162 /* Sources */,
				42149EFA1DC8997E0079D162 /* Frameworks */,
				42149EFB1DC8997E0079D162 /* Resources */,
				F8A75C32B393AE155A5E14C5 /* [CP] Embed Pods Frameworks */,
				403D2BF2C9F750EE1D1A1020 /* [CP] Copy Pods Resources */,
			);
			buildRules = (
			);
			dependencies = (
			);
			name = VKAudioSwift3;
			productName = VKAudioSwift3;
			productReference = 42149EFD1DC8997E0079D162 /* VKAudioSwift3.app */;
			productType = "com.apple.product-type.application";
		};
/* End PBXNativeTarget section */

/* Begin PBXProject section */
		42149EF51DC8997E0079D162 /* Project object */ = {
			isa = PBXProject;
			attributes = {
				LastSwiftUpdateCheck = 0800;
				LastUpgradeCheck = 0800;
				ORGANIZATIONNAME = "Roman Rybachenko";
				TargetAttributes = {
					42149EFC1DC8997E0079D162 = {
						CreatedOnToolsVersion = 8.0;
						ProvisioningStyle = Automatic;
					};
				};
			};
			buildConfigurationList = 42149EF81DC8997E0079D162 /* Build configuration list for PBXProject "VKAudioSwift3" */;
			compatibilityVersion = "Xcode 3.2";
			developmentRegion = English;
			hasScannedForEncodings = 0;
			knownRegions = (
				en,
				Base,
			);
			mainGroup = 42149EF41DC8997E0079D162;
			productRefGroup = 42149EFE1DC8997E0079D162 /* Products */;
			projectDirPath = "";
			projectRoot = "";
			targets = (
				42149EFC1DC8997E0079D162 /* VKAudioSwift3 */,
			);
		};
/* End PBXProject section */

/* Begin PBXResourcesBuildPhase section */
		42149EFB1DC8997E0079D162 /* Resources */ = {
			isa = PBXResourcesBuildPhase;
			buildActionMask = 2147483647;
			files = (
				4224DCE61DD9A69200F3AC8F /* AudioCell.xib in Resources */,
				42149F0B1DC8997E0079D162 /* LaunchScreen.storyboard in Resources */,
				42149F081DC8997E0079D162 /* Assets.xcassets in Resources */,
				42149F061DC8997E0079D162 /* Main.storyboard in Resources */,
			);
			runOnlyForDeploymentPostprocessing = 0;
		};
/* End PBXResourcesBuildPhase section */

/* Begin PBXShellScriptBuildPhase section */
		14A9D05C72155D71A8C3623E /* [CP] Check Pods Manifest.lock */ = {
			isa = PBXShellScriptBuildPhase;
			buildActionMask = 2147483647;
			files = (
			);
			inputPaths = (
			);
			name = "[CP] Check Pods Manifest.lock";
			outputPaths = (
			);
			runOnlyForDeploymentPostprocessing = 0;
			shellPath = /bin/sh;
			shellScript = "diff \"${PODS_ROOT}/../Podfile.lock\" \"${PODS_ROOT}/Manifest.lock\" > /dev/null\nif [[ $? != 0 ]] ; then\n    cat << EOM\nerror: The sandbox is not in sync with the Podfile.lock. Run 'pod install' or update your CocoaPods installation.\nEOM\n    exit 1\nfi\n";
			showEnvVarsInLog = 0;
		};
		403D2BF2C9F750EE1D1A1020 /* [CP] Copy Pods Resources */ = {
			isa = PBXShellScriptBuildPhase;
			buildActionMask = 2147483647;
			files = (
			);
			inputPaths = (
			);
			name = "[CP] Copy Pods Resources";
			outputPaths = (
			);
			runOnlyForDeploymentPostprocessing = 0;
			shellPath = /bin/sh;
			shellScript = "\"${SRCROOT}/Pods/Target Support Files/Pods-VKAudioSwift3/Pods-VKAudioSwift3-resources.sh\"\n";
			showEnvVarsInLog = 0;
		};
		F8A75C32B393AE155A5E14C5 /* [CP] Embed Pods Frameworks */ = {
			isa = PBXShellScriptBuildPhase;
			buildActionMask = 2147483647;
			files = (
			);
			inputPaths = (
			);
			name = "[CP] Embed Pods Frameworks";
			outputPaths = (
			);
			runOnlyForDeploymentPostprocessing = 0;
			shellPath = /bin/sh;
			shellScript = "\"${SRCROOT}/Pods/Target Support Files/Pods-VKAudioSwift3/Pods-VKAudioSwift3-frameworks.sh\"\n";
			showEnvVarsInLog = 0;
		};
/* End PBXShellScriptBuildPhase section */

/* Begin PBXSourcesBuildPhase section */
		42149EF91DC8997E0079D162 /* Sources */ = {
			isa = PBXSourcesBuildPhase;
			buildActionMask = 2147483647;
			files = (
				42149F371DC8A28C0079D162 /* UIStoryboard+Multiple.swift in Sources */,
				4252FBDE1DD0DE4A00F28C0D /* VKUser.swift in Sources */,
				42149F301DC89CE20079D162 /* AuthorizationViewController.swift in Sources */,
				427FF76F1DDA17FD00567067 /* DownloadManager.swift in Sources */,
				4252FBDA1DD0B5F800F28C0D /* WebService.swift in Sources */,
				427FF76B1DD9EE1600567067 /* AudioFileManager.swift in Sources */,
				4224DCE51DD9A69200F3AC8F /* AudioCell.swift in Sources */,
				42149F2C1DC89C6D0079D162 /* AppDelegate.swift in Sources */,
				42149F2E1DC89C8C0079D162 /* Constants.swift in Sources */,
				4252FBDC1DD0BE9400F28C0D /* ResponseInfo.swift in Sources */,
				4252FBE01DD1C4A300F28C0D /* Utils.swift in Sources */,
				42149F321DC89E7B0079D162 /* HomeViewController.swift in Sources */,
				42F36D1D1DD079960029EB5B /* AuthorizationManager.swift in Sources */,
				4252FBD81DD0A82300F28C0D /* UIColor+VKAudio.swift in Sources */,
				427755371DD7B7F6002F9E25 /* AudioListTableViewController.swift in Sources */,
				427755351DD5E910002F9E25 /* VKAudio.swift in Sources */,
			);
			runOnlyForDeploymentPostprocessing = 0;
		};
/* End PBXSourcesBuildPhase section */

/* Begin PBXVariantGroup section */
		42149F041DC8997E0079D162 /* Main.storyboard */ = {
			isa = PBXVariantGroup;
			children = (
				42149F051DC8997E0079D162 /* Base */,
			);
			name = Main.storyboard;
			sourceTree = "<group>";
		};
		42149F091DC8997E0079D162 /* LaunchScreen.storyboard */ = {
			isa = PBXVariantGroup;
			children = (
				42149F0A1DC8997E0079D162 /* Base */,
			);
			name = LaunchScreen.storyboard;
			sourceTree = "<group>";
		};
/* End PBXVariantGroup section */

/* Begin XCBuildConfiguration section */
		42149F0D1DC8997E0079D162 /* Debug */ = {
			isa = XCBuildConfiguration;
			buildSettings = {
				ALWAYS_SEARCH_USER_PATHS = NO;
				CLANG_ANALYZER_NONNULL = YES;
				CLANG_CXX_LANGUAGE_STANDARD = "gnu++0x";
				CLANG_CXX_LIBRARY = "libc++";
				CLANG_ENABLE_MODULES = YES;
				CLANG_ENABLE_OBJC_ARC = YES;
				CLANG_WARN_BOOL_CONVERSION = YES;
				CLANG_WARN_CONSTANT_CONVERSION = YES;
				CLANG_WARN_DIRECT_OBJC_ISA_USAGE = YES_ERROR;
				CLANG_WARN_DOCUMENTATION_COMMENTS = YES;
				CLANG_WARN_EMPTY_BODY = YES;
				CLANG_WARN_ENUM_CONVERSION = YES;
				CLANG_WARN_INFINITE_RECURSION = YES;
				CLANG_WARN_INT_CONVERSION = YES;
				CLANG_WARN_OBJC_ROOT_CLASS = YES_ERROR;
				CLANG_WARN_SUSPICIOUS_MOVES = YES;
				CLANG_WARN_UNREACHABLE_CODE = YES;
				CLANG_WARN__DUPLICATE_METHOD_MATCH = YES;
				"CODE_SIGN_IDENTITY[sdk=iphoneos*]" = "iPhone Developer";
				COPY_PHASE_STRIP = NO;
				DEBUG_INFORMATION_FORMAT = dwarf;
				ENABLE_STRICT_OBJC_MSGSEND = YES;
				ENABLE_TESTABILITY = YES;
				GCC_C_LANGUAGE_STANDARD = gnu99;
				GCC_DYNAMIC_NO_PIC = NO;
				GCC_NO_COMMON_BLOCKS = YES;
				GCC_OPTIMIZATION_LEVEL = 0;
				GCC_PREPROCESSOR_DEFINITIONS = (
					"DEBUG=1",
					"$(inherited)",
				);
				GCC_WARN_64_TO_32_BIT_CONVERSION = YES;
				GCC_WARN_ABOUT_RETURN_TYPE = YES_ERROR;
				GCC_WARN_UNDECLARED_SELECTOR = YES;
				GCC_WARN_UNINITIALIZED_AUTOS = YES_AGGRESSIVE;
				GCC_WARN_UNUSED_FUNCTION = YES;
				GCC_WARN_UNUSED_VARIABLE = YES;
				IPHONEOS_DEPLOYMENT_TARGET = 10.0;
				MTL_ENABLE_DEBUG_INFO = YES;
				ONLY_ACTIVE_ARCH = YES;
				SDKROOT = iphoneos;
				SWIFT_ACTIVE_COMPILATION_CONDITIONS = DEBUG;
				SWIFT_OPTIMIZATION_LEVEL = "-Onone";
				TARGETED_DEVICE_FAMILY = "1,2";
			};
			name = Debug;
		};
		42149F0E1DC8997E0079D162 /* Release */ = {
			isa = XCBuildConfiguration;
			buildSettings = {
				ALWAYS_SEARCH_USER_PATHS = NO;
				CLANG_ANALYZER_NONNULL = YES;
				CLANG_CXX_LANGUAGE_STANDARD = "gnu++0x";
				CLANG_CXX_LIBRARY = "libc++";
				CLANG_ENABLE_MODULES = YES;
				CLANG_ENABLE_OBJC_ARC = YES;
				CLANG_WARN_BOOL_CONVERSION = YES;
				CLANG_WARN_CONSTANT_CONVERSION = YES;
				CLANG_WARN_DIRECT_OBJC_ISA_USAGE = YES_ERROR;
				CLANG_WARN_DOCUMENTATION_COMMENTS = YES;
				CLANG_WARN_EMPTY_BODY = YES;
				CLANG_WARN_ENUM_CONVERSION = YES;
				CLANG_WARN_INFINITE_RECURSION = YES;
				CLANG_WARN_INT_CONVERSION = YES;
				CLANG_WARN_OBJC_ROOT_CLASS = YES_ERROR;
				CLANG_WARN_SUSPICIOUS_MOVES = YES;
				CLANG_WARN_UNREACHABLE_CODE = YES;
				CLANG_WARN__DUPLICATE_METHOD_MATCH = YES;
				"CODE_SIGN_IDENTITY[sdk=iphoneos*]" = "iPhone Developer";
				COPY_PHASE_STRIP = NO;
				DEBUG_INFORMATION_FORMAT = "dwarf-with-dsym";
				ENABLE_NS_ASSERTIONS = NO;
				ENABLE_STRICT_OBJC_MSGSEND = YES;
				GCC_C_LANGUAGE_STANDARD = gnu99;
				GCC_NO_COMMON_BLOCKS = YES;
				GCC_WARN_64_TO_32_BIT_CONVERSION = YES;
				GCC_WARN_ABOUT_RETURN_TYPE = YES_ERROR;
				GCC_WARN_UNDECLARED_SELECTOR = YES;
				GCC_WARN_UNINITIALIZED_AUTOS = YES_AGGRESSIVE;
				GCC_WARN_UNUSED_FUNCTION = YES;
				GCC_WARN_UNUSED_VARIABLE = YES;
				IPHONEOS_DEPLOYMENT_TARGET = 10.0;
				MTL_ENABLE_DEBUG_INFO = NO;
				SDKROOT = iphoneos;
				SWIFT_OPTIMIZATION_LEVEL = "-Owholemodule";
				TARGETED_DEVICE_FAMILY = "1,2";
				VALIDATE_PRODUCT = YES;
			};
			name = Release;
		};
		42149F101DC8997E0079D162 /* Debug */ = {
			isa = XCBuildConfiguration;
			baseConfigurationReference = DB8BA57CD1EC1589ECF39D5A /* Pods-VKAudioSwift3.debug.xcconfig */;
			buildSettings = {
				ASSETCATALOG_COMPILER_APPICON_NAME = AppIcon;
				INFOPLIST_FILE = VKAudioSwift3/Info.plist;
				LD_RUNPATH_SEARCH_PATHS = "$(inherited) @executable_path/Frameworks";
				PRODUCT_BUNDLE_IDENTIFIER = com.rrybachenko.VKAudioSwift3;
				PRODUCT_NAME = "$(TARGET_NAME)";
				SWIFT_VERSION = 3.0;
			};
			name = Debug;
		};
		42149F111DC8997E0079D162 /* Release */ = {
			isa = XCBuildConfiguration;
			baseConfigurationReference = 2DA9D37A77ECE05A630E23E9 /* Pods-VKAudioSwift3.release.xcconfig */;
			buildSettings = {
				ASSETCATALOG_COMPILER_APPICON_NAME = AppIcon;
				INFOPLIST_FILE = VKAudioSwift3/Info.plist;
				LD_RUNPATH_SEARCH_PATHS = "$(inherited) @executable_path/Frameworks";
				PRODUCT_BUNDLE_IDENTIFIER = com.rrybachenko.VKAudioSwift3;
				PRODUCT_NAME = "$(TARGET_NAME)";
				SWIFT_VERSION = 3.0;
			};
			name = Release;
		};
/* End XCBuildConfiguration section */

/* Begin XCConfigurationList section */
		42149EF81DC8997E0079D162 /* Build configuration list for PBXProject "VKAudioSwift3" */ = {
			isa = XCConfigurationList;
			buildConfigurations = (
				42149F0D1DC8997E0079D162 /* Debug */,
				42149F0E1DC8997E0079D162 /* Release */,
			);
			defaultConfigurationIsVisible = 0;
			defaultConfigurationName = Release;
		};
		42149F0F1DC8997E0079D162 /* Build configuration list for PBXNativeTarget "VKAudioSwift3" */ = {
			isa = XCConfigurationList;
			buildConfigurations = (
				42149F101DC8997E0079D162 /* Debug */,
				42149F111DC8997E0079D162 /* Release */,
			);
			defaultConfigurationIsVisible = 0;
			defaultConfigurationName = Release;
		};
/* End XCConfigurationList section */
	};
	rootObject = 42149EF51DC8997E0079D162 /* Project object */;
}
